// !$*UTF8*$!
{
	archiveVersion = 1;
	classes = {
	};
	objectVersion = 50;
	objects = {

/* Begin PBXBuildFile section */
		3CDEC3A8247D6B6900285D4C /* AppDelegate.swift in Sources */ = {isa = PBXBuildFile; fileRef = 3CDEC3A7247D6B6900285D4C /* AppDelegate.swift */; };
		3CDEC3AA247D6B6900285D4C /* SceneDelegate.swift in Sources */ = {isa = PBXBuildFile; fileRef = 3CDEC3A9247D6B6900285D4C /* SceneDelegate.swift */; };
		3CDEC3AC247D6B6900285D4C /* ContentView.swift in Sources */ = {isa = PBXBuildFile; fileRef = 3CDEC3AB247D6B6900285D4C /* ContentView.swift */; };
		3CDEC3AE247D6B6D00285D4C /* Assets.xcassets in Resources */ = {isa = PBXBuildFile; fileRef = 3CDEC3AD247D6B6D00285D4C /* Assets.xcassets */; };
		3CDEC3B1247D6B6D00285D4C /* Preview Assets.xcassets in Resources */ = {isa = PBXBuildFile; fileRef = 3CDEC3B0247D6B6D00285D4C /* Preview Assets.xcassets */; };
		3CDEC3B4247D6B6D00285D4C /* LaunchScreen.storyboard in Resources */ = {isa = PBXBuildFile; fileRef = 3CDEC3B2247D6B6D00285D4C /* LaunchScreen.storyboard */; };
/* End PBXBuildFile section */

/* Begin PBXFileReference section */
		3CDEC3A4247D6B6900285D4C /* RGB 2.app */ = {isa = PBXFileReference; explicitFileType = wrapper.application; includeInIndex = 0; path = "RGB 2.app"; sourceTree = BUILT_PRODUCTS_DIR; };
		3CDEC3A7247D6B6900285D4C /* AppDelegate.swift */ = {isa = PBXFileReference; lastKnownFileType = sourcecode.swift; path = AppDelegate.swift; sourceTree = "<group>"; };
		3CDEC3A9247D6B6900285D4C /* SceneDelegate.swift */ = {isa = PBXFileReference; lastKnownFileType = sourcecode.swift; path = SceneDelegate.swift; sourceTree = "<group>"; };
		3CDEC3AB247D6B6900285D4C /* ContentView.swift */ = {isa = PBXFileReference; lastKnownFileType = sourcecode.swift; path = ContentView.swift; sourceTree = "<group>"; };
		3CDEC3AD247D6B6D00285D4C /* Assets.xcassets */ = {isa = PBXFileReference; lastKnownFileType = folder.assetcatalog; path = Assets.xcassets; sourceTree = "<group>"; };
		3CDEC3B0247D6B6D00285D4C /* Preview Assets.xcassets */ = {isa = PBXFileReference; lastKnownFileType = folder.assetcatalog; path = "Preview Assets.xcassets"; sourceTree = "<group>"; };
		3CDEC3B3247D6B6D00285D4C /* Base */ = {isa = PBXFileReference; lastKnownFileType = file.storyboard; name = Base; path = Base.lproj/LaunchScreen.storyboard; sourceTree = "<group>"; };
		3CDEC3B5247D6B6D00285D4C /* Info.plist */ = {isa = PBXFileReference; lastKnownFileType = text.plist.xml; path = Info.plist; sourceTree = "<group>"; };
/* End PBXFileReference section */

/* Begin PBXFrameworksBuildPhase section */
		3CDEC3A1247D6B6900285D4C /* Frameworks */ = {
			isa = PBXFrameworksBuildPhase;
			buildActionMask = 2147483647;
			files = (
			);
			runOnlyForDeploymentPostprocessing = 0;
		};
/* End PBXFrameworksBuildPhase section */

/* Begin PBXGroup section */
		3CDEC39B247D6B6900285D4C = {
			isa = PBXGroup;
			children = (
				3CDEC3A6247D6B6900285D4C /* RGB 2 */,
				3CDEC3A5247D6B6900285D4C /* Products */,
			);
			sourceTree = "<group>";
		};
		3CDEC3A5247D6B6900285D4C /* Products */ = {
			isa = PBXGroup;
			children = (
				3CDEC3A4247D6B6900285D4C /* RGB 2.app */,
			);
			name = Products;
			sourceTree = "<group>";
		};
		3CDEC3A6247D6B6900285D4C /* RGB 2 */ = {
			isa = PBXGroup;
			children = (
				3CDEC3A7247D6B6900285D4C /* AppDelegate.swift */,
				3CDEC3A9247D6B6900285D4C /* SceneDelegate.swift */,
				3CDEC3AB247D6B6900285D4C /* ContentView.swift */,
				3CDEC3AD247D6B6D00285D4C /* Assets.xcassets */,
				3CDEC3B2247D6B6D00285D4C /* LaunchScreen.storyboard */,
				3CDEC3B5247D6B6D00285D4C /* Info.plist */,
				3CDEC3AF247D6B6D00285D4C /* Preview Content */,
			);
			path = "RGB 2";
			sourceTree = "<group>";
		};
		3CDEC3AF247D6B6D00285D4C /* Preview Content */ = {
			isa = PBXGroup;
			children = (
				3CDEC3B0247D6B6D00285D4C /* Preview Assets.xcassets */,
			);
			path = "Preview Content";
			sourceTree = "<group>";
		};
/* End PBXGroup section */

/* Begin PBXNativeTarget section */
		3CDEC3A3247D6B6900285D4C /* RGB 2 */ = {
			isa = PBXNativeTarget;
			buildConfigurationList = 3CDEC3B8247D6B6D00285D4C /* Build configuration list for PBXNativeTarget "RGB 2" */;
			buildPhases = (
				3CDEC3A0247D6B6900285D4C /* Sources */,
				3CDEC3A1247D6B6900285D4C /* Frameworks */,
				3CDEC3A2247D6B6900285D4C /* Resources */,
			);
			buildRules = (
			);
			dependencies = (
			);
			name = "RGB 2";
			productName = "RGB 2";
			productReference = 3CDEC3A4247D6B6900285D4C /* RGB 2.app */;
			productType = "com.apple.product-type.application";
		};
/* End PBXNativeTarget section */

/* Begin PBXProject section */
		3CDEC39C247D6B6900285D4C /* Project object */ = {
			isa = PBXProject;
			attributes = {
				LastSwiftUpdateCheck = 1150;
				LastUpgradeCheck = 1150;
				ORGANIZATIONNAME = goomboldt;
				TargetAttributes = {
					3CDEC3A3247D6B6900285D4C = {
						CreatedOnToolsVersion = 11.5;
					};
				};
			};
			buildConfigurationList = 3CDEC39F247D6B6900285D4C /* Build configuration list for PBXProject "RGB 2" */;
			compatibilityVersion = "Xcode 9.3";
			developmentRegion = en;
			hasScannedForEncodings = 0;
			knownRegions = (
				en,
				Base,
			);
			mainGroup = 3CDEC39B247D6B6900285D4C;
			productRefGroup = 3CDEC3A5247D6B6900285D4C /* Products */;
			projectDirPath = "";
			projectRoot = "";
			targets = (
				3CDEC3A3247D6B6900285D4C /* RGB 2 */,
			);
		};
/* End PBXProject section */

/* Begin PBXResourcesBuildPhase section */
		3CDEC3A2247D6B6900285D4C /* Resources */ = {
			isa = PBXResourcesBuildPhase;
			buildActionMask = 2147483647;
			files = (
				3CDEC3B4247D6B6D00285D4C /* LaunchScreen.storyboard in Resources */,
				3CDEC3B1247D6B6D00285D4C /* Preview Assets.xcassets in Resources */,
				3CDEC3AE247D6B6D00285D4C /* Assets.xcassets in Resources */,
			);
			runOnlyForDeploymentPostprocessing = 0;
		};
/* End PBXResourcesBuildPhase section */

/* Begin PBXSourcesBuildPhase section */
		3CDEC3A0247D6B6900285D4C /* Sources */ = {
			isa = PBXSourcesBuildPhase;
			buildActionMask = 2147483647;
			files = (
				3CDEC3A8247D6B6900285D4C /* AppDelegate.swift in Sources */,
				3CDEC3AA247D6B6900285D4C /* SceneDelegate.swift in Sources */,
				3CDEC3AC247D6B6900285D4C /* ContentView.swift in Sources */,
			);
			runOnlyForDeploymentPostprocessing = 0;
		};
/* End PBXSourcesBuildPhase section */

/* Begin PBXVariantGroup section */
		3CDEC3B2247D6B6D00285D4C /* LaunchScreen.storyboard */ = {
			isa = PBXVariantGroup;
			children = (
				3CDEC3B3247D6B6D00285D4C /* Base */,
			);
			name = LaunchScreen.storyboard;
			sourceTree = "<group>";
		};
/* End PBXVariantGroup section */

/* Begin XCBuildConfiguration section */
		3CDEC3B6247D6B6D00285D4C /* Debug */ = {
			isa = XCBuildConfiguration;
			buildSettings = {
				ALWAYS_SEARCH_USER_PATHS = NO;
				CLANG_ANALYZER_NONNULL = YES;
				CLANG_ANALYZER_NUMBER_OBJECT_CONVERSION = YES_AGGRESSIVE;
				CLANG_CXX_LANGUAGE_STANDARD = "gnu++14";
				CLANG_CXX_LIBRARY = "libc++";
				CLANG_ENABLE_MODULES = YES;
				CLANG_ENABLE_OBJC_ARC = YES;
				CLANG_ENABLE_OBJC_WEAK = YES;
				CLANG_WARN_BLOCK_CAPTURE_AUTORELEASING = YES;
				CLANG_WARN_BOOL_CONVERSION = YES;
				CLANG_WARN_COMMA = YES;
				CLANG_WARN_CONSTANT_CONVERSION = YES;
				CLANG_WARN_DEPRECATED_OBJC_IMPLEMENTATIONS = YES;
				CLANG_WARN_DIRECT_OBJC_ISA_USAGE = YES_ERROR;
				CLANG_WARN_DOCUMENTATION_COMMENTS = YES;
				CLANG_WARN_EMPTY_BODY = YES;
				CLANG_WARN_ENUM_CONVERSION = YES;
				CLANG_WARN_INFINITE_RECURSION = YES;
				CLANG_WARN_INT_CONVERSION = YES;
				CLANG_WARN_NON_LITERAL_NULL_CONVERSION = YES;
				CLANG_WARN_OBJC_IMPLICIT_RETAIN_SELF = YES;
				CLANG_WARN_OBJC_LITERAL_CONVERSION = YES;
				CLANG_WARN_OBJC_ROOT_CLASS = YES_ERROR;
				CLANG_WARN_RANGE_LOOP_ANALYSIS = YES;
				CLANG_WARN_STRICT_PROTOTYPES = YES;
				CLANG_WARN_SUSPICIOUS_MOVE = YES;
				CLANG_WARN_UNGUARDED_AVAILABILITY = YES_AGGRESSIVE;
				CLANG_WARN_UNREACHABLE_CODE = YES;
				CLANG_WARN__DUPLICATE_METHOD_MATCH = YES;
				COPY_PHASE_STRIP = NO;
				DEBUG_INFORMATION_FORMAT = dwarf;
				ENABLE_STRICT_OBJC_MSGSEND = YES;
				ENABLE_TESTABILITY = YES;
				GCC_C_LANGUAGE_STANDARD = gnu11;
				GCC_DYNAMIC_NO_PIC = NO;
				GCC_NO_COMMON_BLOCKS = YES;
				GCC_OPTIMIZATION_LEVEL = 0;
				GCC_PREPROCESSOR_DEFINITIONS = (
					"DEBUG=1",
					"$(inherited)",
				);
				GCC_WARN_64_TO_32_BIT_CONVERSION = YES;
				GCC_WARN_ABOUT_RETURN_TYPE = YES_ERROR;
				GCC_WARN_UNDECLARED_SELECTOR = YES;
				GCC_WARN_UNINITIALIZED_AUTOS = YES_AGGRESSIVE;
				GCC_WARN_UNUSED_FUNCTION = YES;
				GCC_WARN_UNUSED_VARIABLE = YES;
				IPHONEOS_DEPLOYMENT_TARGET = 13.5;
				MTL_ENABLE_DEBUG_INFO = INCLUDE_SOURCE;
				MTL_FAST_MATH = YES;
				ONLY_ACTIVE_ARCH = YES;
				SDKROOT = iphoneos;
				SWIFT_ACTIVE_COMPILATION_CONDITIONS = DEBUG;
				SWIFT_OPTIMIZATION_LEVEL = "-Onone";
			};
			name = Debug;
		};
		3CDEC3B7247D6B6D00285D4C /* Release */ = {
			isa = XCBuildConfiguration;
			buildSettings = {
				ALWAYS_SEARCH_USER_PATHS = NO;
				CLANG_ANALYZER_NONNULL = YES;
				CLANG_ANALYZER_NUMBER_OBJECT_CONVERSION = YES_AGGRESSIVE;
				CLANG_CXX_LANGUAGE_STANDARD = "gnu++14";
				CLANG_CXX_LIBRARY = "libc++";
				CLANG_ENABLE_MODULES = YES;
				CLANG_ENABLE_OBJC_ARC = YES;
				CLANG_ENABLE_OBJC_WEAK = YES;
				CLANG_WARN_BLOCK_CAPTURE_AUTORELEASING = YES;
				CLANG_WARN_BOOL_CONVERSION = YES;
				CLANG_WARN_COMMA = YES;
				CLANG_WARN_CONSTANT_CONVERSION = YES;
				CLANG_WARN_DEPRECATED_OBJC_IMPLEMENTATIONS = YES;
				CLANG_WARN_DIRECT_OBJC_ISA_USAGE = YES_ERROR;
				CLANG_WARN_DOCUMENTATION_COMMENTS = YES;
				CLANG_WARN_EMPTY_BODY = YES;
				CLANG_WARN_ENUM_CONVERSION = YES;
				CLANG_WARN_INFINITE_RECURSION = YES;
				CLANG_WARN_INT_CONVERSION = YES;
				CLANG_WARN_NON_LITERAL_NULL_CONVERSION = YES;
				CLANG_WARN_OBJC_IMPLICIT_RETAIN_SELF = YES;
				CLANG_WARN_OBJC_LITERAL_CONVERSION = YES;
				CLANG_WARN_OBJC_ROOT_CLASS = YES_ERROR;
				CLANG_WARN_RANGE_LOOP_ANALYSIS = YES;
				CLANG_WARN_STRICT_PROTOTYPES = YES;
				CLANG_WARN_SUSPICIOUS_MOVE = YES;
				CLANG_WARN_UNGUARDED_AVAILABILITY = YES_AGGRESSIVE;
				CLANG_WARN_UNREACHABLE_CODE = YES;
				CLANG_WARN__DUPLICATE_METHOD_MATCH = YES;
				COPY_PHASE_STRIP = NO;
				DEBUG_INFORMATION_FORMAT = "dwarf-with-dsym";
				ENABLE_NS_ASSERTIONS = NO;
				ENABLE_STRICT_OBJC_MSGSEND = YES;
				GCC_C_LANGUAGE_STANDARD = gnu11;
				GCC_NO_COMMON_BLOCKS = YES;
				GCC_WARN_64_TO_32_BIT_CONVERSION = YES;
				GCC_WARN_ABOUT_RETURN_TYPE = YES_ERROR;
				GCC_WARN_UNDECLARED_SELECTOR = YES;
				GCC_WARN_UNINITIALIZED_AUTOS = YES_AGGRESSIVE;
				GCC_WARN_UNUSED_FUNCTION = YES;
				GCC_WARN_UNUSED_VARIABLE = YES;
				IPHONEOS_DEPLOYMENT_TARGET = 13.5;
				MTL_ENABLE_DEBUG_INFO = NO;
				MTL_FAST_MATH = YES;
				SDKROOT = iphoneos;
				SWIFT_COMPILATION_MODE = wholemodule;
				SWIFT_OPTIMIZATION_LEVEL = "-O";
				VALIDATE_PRODUCT = YES;
			};
			name = Release;
		};
		3CDEC3B9247D6B6D00285D4C /* Debug */ = {
			isa = XCBuildConfiguration;
			buildSettings = {
				ASSETCATALOG_COMPILER_APPICON_NAME = AppIcon;
				CODE_SIGN_STYLE = Automatic;
				DEVELOPMENT_ASSET_PATHS = "\"RGB 2/Preview Content\"";
				DEVELOPMENT_TEAM = 6FWRCBA7N2;
				ENABLE_PREVIEWS = YES;
				INFOPLIST_FILE = "RGB 2/Info.plist";
				LD_RUNPATH_SEARCH_PATHS = (
					"$(inherited)",
					"@executable_path/Frameworks",
				);
				PRODUCT_BUNDLE_IDENTIFIER = "goomboldt.RGB-2";
				PRODUCT_NAME = "$(TARGET_NAME)";
				SWIFT_VERSION = 5.0;
				TARGETED_DEVICE_FAMILY = "1,2";
			};
			name = Debug;
		};
		3CDEC3BA247D6B6D00285D4C /* Release */ = {
			isa = XCBuildConfiguration;
			buildSettings = {
				ASSETCATALOG_COMPILER_APPICON_NAME = AppIcon;
				CODE_SIGN_STYLE = Automatic;
				DEVELOPMENT_ASSET_PATHS = "\"RGB 2/Preview Content\"";
				DEVELOPMENT_TEAM = 6FWRCBA7N2;
				ENABLE_PREVIEWS = YES;
				INFOPLIST_FILE = "RGB 2/Info.plist";
				LD_RUNPATH_SEARCH_PATHS = (
					"$(inherited)",
					"@executable_path/Frameworks",
				);
				PRODUCT_BUNDLE_IDENTIFIER = "goomboldt.RGB-2";
				PRODUCT_NAME = "$(TARGET_NAME)";
				SWIFT_VERSION = 5.0;
				TARGETED_DEVICE_FAMILY = "1,2";
			};
			name = Release;
		};
/* End XCBuildConfiguration section */

/* Begin XCConfigurationList section */
		3CDEC39F247D6B6900285D4C /* Build configuration list for PBXProject "RGB 2" */ = {
			isa = XCConfigurationList;
			buildConfigurations = (
				3CDEC3B6247D6B6D00285D4C /* Debug */,
				3CDEC3B7247D6B6D00285D4C /* Release */,
			);
			defaultConfigurationIsVisible = 0;
			defaultConfigurationName = Release;
		};
		3CDEC3B8247D6B6D00285D4C /* Build configuration list for PBXNativeTarget "RGB 2" */ = {
			isa = XCConfigurationList;
			buildConfigurations = (
				3CDEC3B9247D6B6D00285D4C /* Debug */,
				3CDEC3BA247D6B6D00285D4C /* Release */,
			);
			defaultConfigurationIsVisible = 0;
			defaultConfigurationName = Release;
		};
/* End XCConfigurationList section */
	};
	rootObject = 3CDEC39C247D6B6900285D4C /* Project object */;
}
